// !$*UTF8*$!
{
	archiveVersion = 1;
	classes = {
	};
	objectVersion = 56;
	objects = {

/* Begin PBXBuildFile section */
		BC6B083A343C8D6D30F466EA /* Pods_MoviesTestApp.framework in Frameworks */ = {isa = PBXBuildFile; fileRef = 72F8AE60C4D01307ABA3F5DC /* Pods_MoviesTestApp.framework */; };
		CF52435F2AE6F0A000088DB2 /* AppDelegate.swift in Sources */ = {isa = PBXBuildFile; fileRef = CF52435E2AE6F0A000088DB2 /* AppDelegate.swift */; };
		CF5243612AE6F0A000088DB2 /* SceneDelegate.swift in Sources */ = {isa = PBXBuildFile; fileRef = CF5243602AE6F0A000088DB2 /* SceneDelegate.swift */; };
		CF5243632AE6F0A000088DB2 /* ViewController.swift in Sources */ = {isa = PBXBuildFile; fileRef = CF5243622AE6F0A000088DB2 /* ViewController.swift */; };
		CF5243662AE6F0A000088DB2 /* Main.storyboard in Resources */ = {isa = PBXBuildFile; fileRef = CF5243642AE6F0A000088DB2 /* Main.storyboard */; };
		CF5243682AE6F0A100088DB2 /* Assets.xcassets in Resources */ = {isa = PBXBuildFile; fileRef = CF5243672AE6F0A100088DB2 /* Assets.xcassets */; };
		CF52436B2AE6F0A100088DB2 /* LaunchScreen.storyboard in Resources */ = {isa = PBXBuildFile; fileRef = CF5243692AE6F0A100088DB2 /* LaunchScreen.storyboard */; };
/* End PBXBuildFile section */

/* Begin PBXFileReference section */
		6ADDAABCD054E1D0314024D2 /* Pods-MoviesTestApp.debug.xcconfig */ = {isa = PBXFileReference; includeInIndex = 1; lastKnownFileType = text.xcconfig; name = "Pods-MoviesTestApp.debug.xcconfig"; path = "Target Support Files/Pods-MoviesTestApp/Pods-MoviesTestApp.debug.xcconfig"; sourceTree = "<group>"; };
		72F8AE60C4D01307ABA3F5DC /* Pods_MoviesTestApp.framework */ = {isa = PBXFileReference; explicitFileType = wrapper.framework; includeInIndex = 0; path = Pods_MoviesTestApp.framework; sourceTree = BUILT_PRODUCTS_DIR; };
		CF52435B2AE6F0A000088DB2 /* MoviesTestApp.app */ = {isa = PBXFileReference; explicitFileType = wrapper.application; includeInIndex = 0; path = MoviesTestApp.app; sourceTree = BUILT_PRODUCTS_DIR; };
		CF52435E2AE6F0A000088DB2 /* AppDelegate.swift */ = {isa = PBXFileReference; lastKnownFileType = sourcecode.swift; path = AppDelegate.swift; sourceTree = "<group>"; };
		CF5243602AE6F0A000088DB2 /* SceneDelegate.swift */ = {isa = PBXFileReference; lastKnownFileType = sourcecode.swift; path = SceneDelegate.swift; sourceTree = "<group>"; };
		CF5243622AE6F0A000088DB2 /* ViewController.swift */ = {isa = PBXFileReference; lastKnownFileType = sourcecode.swift; path = ViewController.swift; sourceTree = "<group>"; };
		CF5243652AE6F0A000088DB2 /* Base */ = {isa = PBXFileReference; lastKnownFileType = file.storyboard; name = Base; path = Base.lproj/Main.storyboard; sourceTree = "<group>"; };
		CF5243672AE6F0A100088DB2 /* Assets.xcassets */ = {isa = PBXFileReference; lastKnownFileType = folder.assetcatalog; path = Assets.xcassets; sourceTree = "<group>"; };
		CF52436A2AE6F0A100088DB2 /* Base */ = {isa = PBXFileReference; lastKnownFileType = file.storyboard; name = Base; path = Base.lproj/LaunchScreen.storyboard; sourceTree = "<group>"; };
		CF52436C2AE6F0A100088DB2 /* Info.plist */ = {isa = PBXFileReference; lastKnownFileType = text.plist.xml; path = Info.plist; sourceTree = "<group>"; };
		EDF212767D9F9EB2A3F54933 /* Pods-MoviesTestApp.release.xcconfig */ = {isa = PBXFileReference; includeInIndex = 1; lastKnownFileType = text.xcconfig; name = "Pods-MoviesTestApp.release.xcconfig"; path = "Target Support Files/Pods-MoviesTestApp/Pods-MoviesTestApp.release.xcconfig"; sourceTree = "<group>"; };
/* End PBXFileReference section */

/* Begin PBXFrameworksBuildPhase section */
		CF5243582AE6F0A000088DB2 /* Frameworks */ = {
			isa = PBXFrameworksBuildPhase;
			buildActionMask = 2147483647;
			files = (
				BC6B083A343C8D6D30F466EA /* Pods_MoviesTestApp.framework in Frameworks */,
			);
			runOnlyForDeploymentPostprocessing = 0;
		};
/* End PBXFrameworksBuildPhase section */

/* Begin PBXGroup section */
		8292DB9BF2B3629288DC02EB /* Frameworks */ = {
			isa = PBXGroup;
			children = (
				72F8AE60C4D01307ABA3F5DC /* Pods_MoviesTestApp.framework */,
			);
			name = Frameworks;
			sourceTree = "<group>";
		};
		CF5243522AE6F0A000088DB2 = {
			isa = PBXGroup;
			children = (
				CF52435D2AE6F0A000088DB2 /* MoviesTestApp */,
				CF52435C2AE6F0A000088DB2 /* Products */,
				D6145C19D8EF3598C88E5369 /* Pods */,
				8292DB9BF2B3629288DC02EB /* Frameworks */,
			);
			sourceTree = "<group>";
		};
		CF52435C2AE6F0A000088DB2 /* Products */ = {
			isa = PBXGroup;
			children = (
				CF52435B2AE6F0A000088DB2 /* MoviesTestApp.app */,
			);
			name = Products;
			sourceTree = "<group>";
		};
		CF52435D2AE6F0A000088DB2 /* MoviesTestApp */ = {
			isa = PBXGroup;
			children = (
				CF52435E2AE6F0A000088DB2 /* AppDelegate.swift */,
				CF5243602AE6F0A000088DB2 /* SceneDelegate.swift */,
				CF5243622AE6F0A000088DB2 /* ViewController.swift */,
				CF5243642AE6F0A000088DB2 /* Main.storyboard */,
				CF5243672AE6F0A100088DB2 /* Assets.xcassets */,
				CF5243692AE6F0A100088DB2 /* LaunchScreen.storyboard */,
				CF52436C2AE6F0A100088DB2 /* Info.plist */,
			);
			path = MoviesTestApp;
			sourceTree = "<group>";
		};
		D6145C19D8EF3598C88E5369 /* Pods */ = {
			isa = PBXGroup;
			children = (
				6ADDAABCD054E1D0314024D2 /* Pods-MoviesTestApp.debug.xcconfig */,
				EDF212767D9F9EB2A3F54933 /* Pods-MoviesTestApp.release.xcconfig */,
			);
			name = Pods;
			path = Pods;
			sourceTree = "<group>";
		};
/* End PBXGroup section */

/* Begin PBXNativeTarget section */
		CF52435A2AE6F0A000088DB2 /* MoviesTestApp */ = {
			isa = PBXNativeTarget;
			buildConfigurationList = CF52436F2AE6F0A100088DB2 /* Build configuration list for PBXNativeTarget "MoviesTestApp" */;
			buildPhases = (
				9A4BA2C0AA4EF1631C63CEE4 /* [CP] Check Pods Manifest.lock */,
				CF5243572AE6F0A000088DB2 /* Sources */,
				CF5243582AE6F0A000088DB2 /* Frameworks */,
				CF5243592AE6F0A000088DB2 /* Resources */,
				80FCAD8F964ABF2427A61E10 /* [CP] Embed Pods Frameworks */,
			);
			buildRules = (
			);
			dependencies = (
			);
			name = MoviesTestApp;
			productName = MoviesTestApp;
			productReference = CF52435B2AE6F0A000088DB2 /* MoviesTestApp.app */;
			productType = "com.apple.product-type.application";
		};
/* End PBXNativeTarget section */

/* Begin PBXProject section */
		CF5243532AE6F0A000088DB2 /* Project object */ = {
			isa = PBXProject;
			attributes = {
				BuildIndependentTargetsInParallel = 1;
				LastSwiftUpdateCheck = 1420;
				LastUpgradeCheck = 1420;
				TargetAttributes = {
					CF52435A2AE6F0A000088DB2 = {
						CreatedOnToolsVersion = 14.2;
					};
				};
			};
			buildConfigurationList = CF5243562AE6F0A000088DB2 /* Build configuration list for PBXProject "MoviesTestApp" */;
			compatibilityVersion = "Xcode 14.0";
			developmentRegion = en;
			hasScannedForEncodings = 0;
			knownRegions = (
				en,
				Base,
			);
			mainGroup = CF5243522AE6F0A000088DB2;
			productRefGroup = CF52435C2AE6F0A000088DB2 /* Products */;
			projectDirPath = "";
			projectRoot = "";
			targets = (
				CF52435A2AE6F0A000088DB2 /* MoviesTestApp */,
			);
		};
/* End PBXProject section */

/* Begin PBXResourcesBuildPhase section */
		CF5243592AE6F0A000088DB2 /* Resources */ = {
			isa = PBXResourcesBuildPhase;
			buildActionMask = 2147483647;
			files = (
				CF52436B2AE6F0A100088DB2 /* LaunchScreen.storyboard in Resources */,
				CF5243682AE6F0A100088DB2 /* Assets.xcassets in Resources */,
				CF5243662AE6F0A000088DB2 /* Main.storyboard in Resources */,
			);
			runOnlyForDeploymentPostprocessing = 0;
		};
/* End PBXResourcesBuildPhase section */

/* Begin PBXShellScriptBuildPhase section */
		80FCAD8F964ABF2427A61E10 /* [CP] Embed Pods Frameworks */ = {
			isa = PBXShellScriptBuildPhase;
			buildActionMask = 2147483647;
			files = (
			);
			inputFileListPaths = (
				"${PODS_ROOT}/Target Support Files/Pods-MoviesTestApp/Pods-MoviesTestApp-frameworks-${CONFIGURATION}-input-files.xcfilelist",
			);
			name = "[CP] Embed Pods Frameworks";
			outputFileListPaths = (
				"${PODS_ROOT}/Target Support Files/Pods-MoviesTestApp/Pods-MoviesTestApp-frameworks-${CONFIGURATION}-output-files.xcfilelist",
			);
			runOnlyForDeploymentPostprocessing = 0;
			shellPath = /bin/sh;
			shellScript = "\"${PODS_ROOT}/Target Support Files/Pods-MoviesTestApp/Pods-MoviesTestApp-frameworks.sh\"\n";
			showEnvVarsInLog = 0;
		};
		9A4BA2C0AA4EF1631C63CEE4 /* [CP] Check Pods Manifest.lock */ = {
			isa = PBXShellScriptBuildPhase;
			buildActionMask = 2147483647;
			files = (
			);
			inputFileListPaths = (
			);
			inputPaths = (
				"${PODS_PODFILE_DIR_PATH}/Podfile.lock",
				"${PODS_ROOT}/Manifest.lock",
			);
			name = "[CP] Check Pods Manifest.lock";
			outputFileListPaths = (
			);
			outputPaths = (
				"$(DERIVED_FILE_DIR)/Pods-MoviesTestApp-checkManifestLockResult.txt",
			);
			runOnlyForDeploymentPostprocessing = 0;
			shellPath = /bin/sh;
			shellScript = "diff \"${PODS_PODFILE_DIR_PATH}/Podfile.lock\" \"${PODS_ROOT}/Manifest.lock\" > /dev/null\nif [ $? != 0 ] ; then\n    # print error to STDERR\n    echo \"error: The sandbox is not in sync with the Podfile.lock. Run 'pod install' or update your CocoaPods installation.\" >&2\n    exit 1\nfi\n# This output is used by Xcode 'outputs' to avoid re-running this script phase.\necho \"SUCCESS\" > \"${SCRIPT_OUTPUT_FILE_0}\"\n";
			showEnvVarsInLog = 0;
		};
/* End PBXShellScriptBuildPhase section */

/* Begin PBXSourcesBuildPhase section */
		CF5243572AE6F0A000088DB2 /* Sources */ = {
			isa = PBXSourcesBuildPhase;
			buildActionMask = 2147483647;
			files = (
				CF5243632AE6F0A000088DB2 /* ViewController.swift in Sources */,
				CF52435F2AE6F0A000088DB2 /* AppDelegate.swift in Sources */,
				CF5243612AE6F0A000088DB2 /* SceneDelegate.swift in Sources */,
			);
			runOnlyForDeploymentPostprocessing = 0;
		};
/* End PBXSourcesBuildPhase section */

/* Begin PBXVariantGroup section */
		CF5243642AE6F0A000088DB2 /* Main.storyboard */ = {
			isa = PBXVariantGroup;
			children = (
				CF5243652AE6F0A000088DB2 /* Base */,
			);
			name = Main.storyboard;
			sourceTree = "<group>";
		};
		CF5243692AE6F0A100088DB2 /* LaunchScreen.storyboard */ = {
			isa = PBXVariantGroup;
			children = (
				CF52436A2AE6F0A100088DB2 /* Base */,
			);
			name = LaunchScreen.storyboard;
			sourceTree = "<group>";
		};
/* End PBXVariantGroup section */

/* Begin XCBuildConfiguration section */
		CF52436D2AE6F0A100088DB2 /* Debug */ = {
			isa = XCBuildConfiguration;
			buildSettings = {
				ALWAYS_SEARCH_USER_PATHS = NO;
				CLANG_ANALYZER_NONNULL = YES;
				CLANG_ANALYZER_NUMBER_OBJECT_CONVERSION = YES_AGGRESSIVE;
				CLANG_CXX_LANGUAGE_STANDARD = "gnu++20";
				CLANG_ENABLE_MODULES = YES;
				CLANG_ENABLE_OBJC_ARC = YES;
				CLANG_ENABLE_OBJC_WEAK = YES;
				CLANG_WARN_BLOCK_CAPTURE_AUTORELEASING = YES;
				CLANG_WARN_BOOL_CONVERSION = YES;
				CLANG_WARN_COMMA = YES;
				CLANG_WARN_CONSTANT_CONVERSION = YES;
				CLANG_WARN_DEPRECATED_OBJC_IMPLEMENTATIONS = YES;
				CLANG_WARN_DIRECT_OBJC_ISA_USAGE = YES_ERROR;
				CLANG_WARN_DOCUMENTATION_COMMENTS = YES;
				CLANG_WARN_EMPTY_BODY = YES;
				CLANG_WARN_ENUM_CONVERSION = YES;
				CLANG_WARN_INFINITE_RECURSION = YES;
				CLANG_WARN_INT_CONVERSION = YES;
				CLANG_WARN_NON_LITERAL_NULL_CONVERSION = YES;
				CLANG_WARN_OBJC_IMPLICIT_RETAIN_SELF = YES;
				CLANG_WARN_OBJC_LITERAL_CONVERSION = YES;
				CLANG_WARN_OBJC_ROOT_CLASS = YES_ERROR;
				CLANG_WARN_QUOTED_INCLUDE_IN_FRAMEWORK_HEADER = YES;
				CLANG_WARN_RANGE_LOOP_ANALYSIS = YES;
				CLANG_WARN_STRICT_PROTOTYPES = YES;
				CLANG_WARN_SUSPICIOUS_MOVE = YES;
				CLANG_WARN_UNGUARDED_AVAILABILITY = YES_AGGRESSIVE;
				CLANG_WARN_UNREACHABLE_CODE = YES;
				CLANG_WARN__DUPLICATE_METHOD_MATCH = YES;
				COPY_PHASE_STRIP = NO;
				DEBUG_INFORMATION_FORMAT = dwarf;
				ENABLE_STRICT_OBJC_MSGSEND = YES;
				ENABLE_TESTABILITY = YES;
				GCC_C_LANGUAGE_STANDARD = gnu11;
				GCC_DYNAMIC_NO_PIC = NO;
				GCC_NO_COMMON_BLOCKS = YES;
				GCC_OPTIMIZATION_LEVEL = 0;
				GCC_PREPROCESSOR_DEFINITIONS = (
					"DEBUG=1",
					"$(inherited)",
				);
				GCC_WARN_64_TO_32_BIT_CONVERSION = YES;
				GCC_WARN_ABOUT_RETURN_TYPE = YES_ERROR;
				GCC_WARN_UNDECLARED_SELECTOR = YES;
				GCC_WARN_UNINITIALIZED_AUTOS = YES_AGGRESSIVE;
				GCC_WARN_UNUSED_FUNCTION = YES;
				GCC_WARN_UNUSED_VARIABLE = YES;
				IPHONEOS_DEPLOYMENT_TARGET = 16.2;
				MTL_ENABLE_DEBUG_INFO = INCLUDE_SOURCE;
				MTL_FAST_MATH = YES;
				ONLY_ACTIVE_ARCH = YES;
				SDKROOT = iphoneos;
				SWIFT_ACTIVE_COMPILATION_CONDITIONS = DEBUG;
				SWIFT_OPTIMIZATION_LEVEL = "-Onone";
			};
			name = Debug;
		};
		CF52436E2AE6F0A100088DB2 /* Release */ = {
			isa = XCBuildConfiguration;
			buildSettings = {
				ALWAYS_SEARCH_USER_PATHS = NO;
				CLANG_ANALYZER_NONNULL = YES;
				CLANG_ANALYZER_NUMBER_OBJECT_CONVERSION = YES_AGGRESSIVE;
				CLANG_CXX_LANGUAGE_STANDARD = "gnu++20";
				CLANG_ENABLE_MODULES = YES;
				CLANG_ENABLE_OBJC_ARC = YES;
				CLANG_ENABLE_OBJC_WEAK = YES;
				CLANG_WARN_BLOCK_CAPTURE_AUTORELEASING = YES;
				CLANG_WARN_BOOL_CONVERSION = YES;
				CLANG_WARN_COMMA = YES;
				CLANG_WARN_CONSTANT_CONVERSION = YES;
				CLANG_WARN_DEPRECATED_OBJC_IMPLEMENTATIONS = YES;
				CLANG_WARN_DIRECT_OBJC_ISA_USAGE = YES_ERROR;
				CLANG_WARN_DOCUMENTATION_COMMENTS = YES;
				CLANG_WARN_EMPTY_BODY = YES;
				CLANG_WARN_ENUM_CONVERSION = YES;
				CLANG_WARN_INFINITE_RECURSION = YES;
				CLANG_WARN_INT_CONVERSION = YES;
				CLANG_WARN_NON_LITERAL_NULL_CONVERSION = YES;
				CLANG_WARN_OBJC_IMPLICIT_RETAIN_SELF = YES;
				CLANG_WARN_OBJC_LITERAL_CONVERSION = YES;
				CLANG_WARN_OBJC_ROOT_CLASS = YES_ERROR;
				CLANG_WARN_QUOTED_INCLUDE_IN_FRAMEWORK_HEADER = YES;
				CLANG_WARN_RANGE_LOOP_ANALYSIS = YES;
				CLANG_WARN_STRICT_PROTOTYPES = YES;
				CLANG_WARN_SUSPICIOUS_MOVE = YES;
				CLANG_WARN_UNGUARDED_AVAILABILITY = YES_AGGRESSIVE;
				CLANG_WARN_UNREACHABLE_CODE = YES;
				CLANG_WARN__DUPLICATE_METHOD_MATCH = YES;
				COPY_PHASE_STRIP = NO;
				DEBUG_INFORMATION_FORMAT = "dwarf-with-dsym";
				ENABLE_NS_ASSERTIONS = NO;
				ENABLE_STRICT_OBJC_MSGSEND = YES;
				GCC_C_LANGUAGE_STANDARD = gnu11;
				GCC_NO_COMMON_BLOCKS = YES;
				GCC_WARN_64_TO_32_BIT_CONVERSION = YES;
				GCC_WARN_ABOUT_RETURN_TYPE = YES_ERROR;
				GCC_WARN_UNDECLARED_SELECTOR = YES;
				GCC_WARN_UNINITIALIZED_AUTOS = YES_AGGRESSIVE;
				GCC_WARN_UNUSED_FUNCTION = YES;
				GCC_WARN_UNUSED_VARIABLE = YES;
				IPHONEOS_DEPLOYMENT_TARGET = 16.2;
				MTL_ENABLE_DEBUG_INFO = NO;
				MTL_FAST_MATH = YES;
				SDKROOT = iphoneos;
				SWIFT_COMPILATION_MODE = wholemodule;
				SWIFT_OPTIMIZATION_LEVEL = "-O";
				VALIDATE_PRODUCT = YES;
			};
			name = Release;
		};
		CF5243702AE6F0A100088DB2 /* Debug */ = {
			isa = XCBuildConfiguration;
			baseConfigurationReference = 6ADDAABCD054E1D0314024D2 /* Pods-MoviesTestApp.debug.xcconfig */;
			buildSettings = {
				ASSETCATALOG_COMPILER_APPICON_NAME = AppIcon;
				ASSETCATALOG_COMPILER_GLOBAL_ACCENT_COLOR_NAME = AccentColor;
				CODE_SIGN_STYLE = Automatic;
				CURRENT_PROJECT_VERSION = 1;
				DEVELOPMENT_TEAM = CE6H833D55;
				GENERATE_INFOPLIST_FILE = YES;
				INFOPLIST_FILE = MoviesTestApp/Info.plist;
				INFOPLIST_KEY_UIApplicationSupportsIndirectInputEvents = YES;
				INFOPLIST_KEY_UILaunchStoryboardName = LaunchScreen;
				INFOPLIST_KEY_UIMainStoryboardFile = Main;
				INFOPLIST_KEY_UISupportedInterfaceOrientations_iPad = "UIInterfaceOrientationPortrait UIInterfaceOrientationPortraitUpsideDown UIInterfaceOrientationLandscapeLeft UIInterfaceOrientationLandscapeRight";
				INFOPLIST_KEY_UISupportedInterfaceOrientations_iPhone = "UIInterfaceOrientationPortrait UIInterfaceOrientationLandscapeLeft UIInterfaceOrientationLandscapeRight";
				LD_RUNPATH_SEARCH_PATHS = (
					"$(inherited)",
					"@executable_path/Frameworks",
				);
				MARKETING_VERSION = 1.0;
				PRODUCT_BUNDLE_IDENTIFIER = com.pvulmvul.MoviesTestApp;
				PRODUCT_NAME = "$(TARGET_NAME)";
				SWIFT_EMIT_LOC_STRINGS = YES;
				SWIFT_VERSION = 5.0;
				TARGETED_DEVICE_FAMILY = "1,2";
			};
			name = Debug;
		};
		CF5243712AE6F0A100088DB2 /* Release */ = {
			isa = XCBuildConfiguration;
			baseConfigurationReference = EDF212767D9F9EB2A3F54933 /* Pods-MoviesTestApp.release.xcconfig */;
			buildSettings = {
				ASSETCATALOG_COMPILER_APPICON_NAME = AppIcon;
				ASSETCATALOG_COMPILER_GLOBAL_ACCENT_COLOR_NAME = AccentColor;
				CODE_SIGN_STYLE = Automatic;
				CURRENT_PROJECT_VERSION = 1;
				DEVELOPMENT_TEAM = CE6H833D55;
				GENERATE_INFOPLIST_FILE = YES;
				INFOPLIST_FILE = MoviesTestApp/Info.plist;
				INFOPLIST_KEY_UIApplicationSupportsIndirectInputEvents = YES;
				INFOPLIST_KEY_UILaunchStoryboardName = LaunchScreen;
				INFOPLIST_KEY_UIMainStoryboardFile = Main;
				INFOPLIST_KEY_UISupportedInterfaceOrientations_iPad = "UIInterfaceOrientationPortrait UIInterfaceOrientationPortraitUpsideDown UIInterfaceOrientationLandscapeLeft UIInterfaceOrientationLandscapeRight";
				INFOPLIST_KEY_UISupportedInterfaceOrientations_iPhone = "UIInterfaceOrientationPortrait UIInterfaceOrientationLandscapeLeft UIInterfaceOrientationLandscapeRight";
				LD_RUNPATH_SEARCH_PATHS = (
					"$(inherited)",
					"@executable_path/Frameworks",
				);
				MARKETING_VERSION = 1.0;
				PRODUCT_BUNDLE_IDENTIFIER = com.pvulmvul.MoviesTestApp;
				PRODUCT_NAME = "$(TARGET_NAME)";
				SWIFT_EMIT_LOC_STRINGS = YES;
				SWIFT_VERSION = 5.0;
				TARGETED_DEVICE_FAMILY = "1,2";
			};
			name = Release;
		};
/* End XCBuildConfiguration section */

/* Begin XCConfigurationList section */
		CF5243562AE6F0A000088DB2 /* Build configuration list for PBXProject "MoviesTestApp" */ = {
			isa = XCConfigurationList;
			buildConfigurations = (
				CF52436D2AE6F0A100088DB2 /* Debug */,
				CF52436E2AE6F0A100088DB2 /* Release */,
			);
			defaultConfigurationIsVisible = 0;
			defaultConfigurationName = Release;
		};
		CF52436F2AE6F0A100088DB2 /* Build configuration list for PBXNativeTarget "MoviesTestApp" */ = {
			isa = XCConfigurationList;
			buildConfigurations = (
				CF5243702AE6F0A100088DB2 /* Debug */,
				CF5243712AE6F0A100088DB2 /* Release */,
			);
			defaultConfigurationIsVisible = 0;
			defaultConfigurationName = Release;
		};
/* End XCConfigurationList section */
	};
	rootObject = CF5243532AE6F0A000088DB2 /* Project object */;
}
